# generated by rye
# use `rye lock` or `rye sync` to update this lockfile
#
# last locked with the following flags:
#   pre: false
#   features: []
#   all-features: false
#   with-sources: false
#   generate-hashes: false
#   universal: false

-e file:.
beautifulsoup4==4.12.3
    # via extract-msg
    # via files-preview-python-api
blinker==1.8.2
    # via flask
cffi==1.17.1
    # via cryptography
click==8.1.7
    # via flask
colorclass==2.2.2
    # via oletools
compressed-rtf==1.0.6
    # via extract-msg
cryptography==43.0.1
    # via msoffcrypto-tool
easygui==0.98.3
    # via oletools
ebcdic==1.1.1
    # via extract-msg
extract-msg==0.50.0
    # via files-preview-python-api
fast-mail-parser==0.2.5
    # via files-preview-python-api
flask==3.0.3
    # via files-preview-python-api
itsdangerous==2.2.0
    # via flask
jinja2==3.1.4
    # via flask
lark==1.1.9
    # via rtfde
markupsafe==3.0.0
    # via jinja2
    # via werkzeug
msoffcrypto-tool==5.4.2
    # via oletools
olefile==0.47
    # via extract-msg
    # via msoffcrypto-tool
    # via oletools
oletools==0.60.2
    # via pcodedmp
    # via rtfde
pcodedmp==1.2.6
    # via oletools
pillow==10.4.0
    # via files-preview-python-api
pycparser==2.22
    # via cffi
pyparsing==3.1.4
    # via oletools
red-black-tree-mod==1.20
    # via extract-msg
rtfde==0.1.2
    # via extract-msg
soupsieve==2.6
    # via beautifulsoup4
tzlocal==5.2
    # via extract-msg
werkzeug==3.0.4
    # via flask
